// !$*UTF8*$!
{
	archiveVersion = 1;
	classes = {
	};
	objectVersion = 56;
	objects = {

/* Begin PBXBuildFile section */
		15B607F92A66072E006AA128 /* MPPeersView.swift in Sources */ = {isa = PBXBuildFile; fileRef = 15B607F82A66072E006AA128 /* MPPeersView.swift */; };
		15C9E8842A62240000E998D3 /* YourNameView.swift in Sources */ = {isa = PBXBuildFile; fileRef = 15C9E8832A62240000E998D3 /* YourNameView.swift */; };
		15C9E8882A622D4B00E998D3 /* MPConnectionManager.swift in Sources */ = {isa = PBXBuildFile; fileRef = 15C9E8872A622D4B00E998D3 /* MPConnectionManager.swift */; };
		15C9E88A2A62340A00E998D3 /* MPGameMove.swift in Sources */ = {isa = PBXBuildFile; fileRef = 15C9E8892A62340A00E998D3 /* MPGameMove.swift */; };
		15D111892A5E1EC300663959 /* Launch Screen.storyboard in Resources */ = {isa = PBXBuildFile; fileRef = 15D111882A5E1EC300663959 /* Launch Screen.storyboard */; };
		15D1118C2A5E200F00663959 /* GameModels.swift in Sources */ = {isa = PBXBuildFile; fileRef = 15D1118B2A5E200F00663959 /* GameModels.swift */; };
		15D1118F2A5E254C00663959 /* ViewModifiers.swift in Sources */ = {isa = PBXBuildFile; fileRef = 15D1118E2A5E254C00663959 /* ViewModifiers.swift */; };
		15D111922A5E265900663959 /* GameView.swift in Sources */ = {isa = PBXBuildFile; fileRef = 15D111912A5E265900663959 /* GameView.swift */; };
		15D111942A5E49B800663959 /* GameService.swift in Sources */ = {isa = PBXBuildFile; fileRef = 15D111932A5E49B800663959 /* GameService.swift */; };
		15D111962A5E4F4300663959 /* GameSquare.swift in Sources */ = {isa = PBXBuildFile; fileRef = 15D111952A5E4F4300663959 /* GameSquare.swift */; };
		15D111982A5E505B00663959 /* SquareView.swift in Sources */ = {isa = PBXBuildFile; fileRef = 15D111972A5E505B00663959 /* SquareView.swift */; };
		15D5A2872A5E19E20082B354 /* AppEntry.swift in Sources */ = {isa = PBXBuildFile; fileRef = 15D5A2862A5E19E20082B354 /* AppEntry.swift */; };
		15D5A2892A5E19E20082B354 /* StartView.swift in Sources */ = {isa = PBXBuildFile; fileRef = 15D5A2882A5E19E20082B354 /* StartView.swift */; };
		15D5A28B2A5E19E30082B354 /* Assets.xcassets in Resources */ = {isa = PBXBuildFile; fileRef = 15D5A28A2A5E19E30082B354 /* Assets.xcassets */; };
		15D5A28E2A5E19E30082B354 /* Preview Assets.xcassets in Resources */ = {isa = PBXBuildFile; fileRef = 15D5A28D2A5E19E30082B354 /* Preview Assets.xcassets */; };
/* End PBXBuildFile section */

/* Begin PBXFileReference section */
		15B607F82A66072E006AA128 /* MPPeersView.swift */ = {isa = PBXFileReference; lastKnownFileType = sourcecode.swift; path = MPPeersView.swift; sourceTree = "<group>"; };
		15C9E8832A62240000E998D3 /* YourNameView.swift */ = {isa = PBXFileReference; lastKnownFileType = sourcecode.swift; path = YourNameView.swift; sourceTree = "<group>"; };
		15C9E8852A622C6A00E998D3 /* Info.plist */ = {isa = PBXFileReference; lastKnownFileType = text.plist; path = Info.plist; sourceTree = "<group>"; };
		15C9E8872A622D4B00E998D3 /* MPConnectionManager.swift */ = {isa = PBXFileReference; lastKnownFileType = sourcecode.swift; path = MPConnectionManager.swift; sourceTree = "<group>"; };
		15C9E8892A62340A00E998D3 /* MPGameMove.swift */ = {isa = PBXFileReference; lastKnownFileType = sourcecode.swift; path = MPGameMove.swift; sourceTree = "<group>"; };
		15D111882A5E1EC300663959 /* Launch Screen.storyboard */ = {isa = PBXFileReference; lastKnownFileType = file.storyboard; path = "Launch Screen.storyboard"; sourceTree = "<group>"; };
		15D1118B2A5E200F00663959 /* GameModels.swift */ = {isa = PBXFileReference; lastKnownFileType = sourcecode.swift; path = GameModels.swift; sourceTree = "<group>"; };
		15D1118E2A5E254C00663959 /* ViewModifiers.swift */ = {isa = PBXFileReference; lastKnownFileType = sourcecode.swift; path = ViewModifiers.swift; sourceTree = "<group>"; };
		15D111912A5E265900663959 /* GameView.swift */ = {isa = PBXFileReference; lastKnownFileType = sourcecode.swift; path = GameView.swift; sourceTree = "<group>"; };
		15D111932A5E49B800663959 /* GameService.swift */ = {isa = PBXFileReference; lastKnownFileType = sourcecode.swift; path = GameService.swift; sourceTree = "<group>"; };
		15D111952A5E4F4300663959 /* GameSquare.swift */ = {isa = PBXFileReference; lastKnownFileType = sourcecode.swift; path = GameSquare.swift; sourceTree = "<group>"; };
		15D111972A5E505B00663959 /* SquareView.swift */ = {isa = PBXFileReference; lastKnownFileType = sourcecode.swift; path = SquareView.swift; sourceTree = "<group>"; };
		15D5A2832A5E19E20082B354 /* XsAndOs.app */ = {isa = PBXFileReference; explicitFileType = wrapper.application; includeInIndex = 0; path = XsAndOs.app; sourceTree = BUILT_PRODUCTS_DIR; };
		15D5A2862A5E19E20082B354 /* AppEntry.swift */ = {isa = PBXFileReference; lastKnownFileType = sourcecode.swift; path = AppEntry.swift; sourceTree = "<group>"; };
		15D5A2882A5E19E20082B354 /* StartView.swift */ = {isa = PBXFileReference; lastKnownFileType = sourcecode.swift; path = StartView.swift; sourceTree = "<group>"; };
		15D5A28A2A5E19E30082B354 /* Assets.xcassets */ = {isa = PBXFileReference; lastKnownFileType = folder.assetcatalog; path = Assets.xcassets; sourceTree = "<group>"; };
		15D5A28D2A5E19E30082B354 /* Preview Assets.xcassets */ = {isa = PBXFileReference; lastKnownFileType = folder.assetcatalog; path = "Preview Assets.xcassets"; sourceTree = "<group>"; };
/* End PBXFileReference section */

/* Begin PBXFrameworksBuildPhase section */
		15D5A2802A5E19E20082B354 /* Frameworks */ = {
			isa = PBXFrameworksBuildPhase;
			buildActionMask = 2147483647;
			files = (
			);
			runOnlyForDeploymentPostprocessing = 0;
		};
/* End PBXFrameworksBuildPhase section */

/* Begin PBXGroup section */
		15C9E8862A622D1500E998D3 /* MultiPeerConnectivity */ = {
			isa = PBXGroup;
			children = (
				15C9E8872A622D4B00E998D3 /* MPConnectionManager.swift */,
				15C9E8892A62340A00E998D3 /* MPGameMove.swift */,
				15B607F82A66072E006AA128 /* MPPeersView.swift */,
			);
			path = MultiPeerConnectivity;
			sourceTree = "<group>";
		};
		15D1118A2A5E1FF100663959 /* Models */ = {
			isa = PBXGroup;
			children = (
				15D1118B2A5E200F00663959 /* GameModels.swift */,
			);
			path = Models;
			sourceTree = "<group>";
		};
		15D1118D2A5E253500663959 /* Utilities */ = {
			isa = PBXGroup;
			children = (
				15D1118E2A5E254C00663959 /* ViewModifiers.swift */,
			);
			path = Utilities;
			sourceTree = "<group>";
		};
		15D111902A5E263700663959 /* Game Screen */ = {
			isa = PBXGroup;
			children = (
				15D111912A5E265900663959 /* GameView.swift */,
				15D111952A5E4F4300663959 /* GameSquare.swift */,
				15D111932A5E49B800663959 /* GameService.swift */,
				15D111972A5E505B00663959 /* SquareView.swift */,
			);
			path = "Game Screen";
			sourceTree = "<group>";
		};
		15D5A27A2A5E19E20082B354 = {
			isa = PBXGroup;
			children = (
				15D5A2852A5E19E20082B354 /* XsAndOs */,
				15D5A2842A5E19E20082B354 /* Products */,
			);
			sourceTree = "<group>";
		};
		15D5A2842A5E19E20082B354 /* Products */ = {
			isa = PBXGroup;
			children = (
				15D5A2832A5E19E20082B354 /* XsAndOs.app */,
			);
			name = Products;
			sourceTree = "<group>";
		};
		15D5A2852A5E19E20082B354 /* XsAndOs */ = {
			isa = PBXGroup;
			children = (
				15C9E8862A622D1500E998D3 /* MultiPeerConnectivity */,
				15C9E8852A622C6A00E998D3 /* Info.plist */,
				15D111902A5E263700663959 /* Game Screen */,
				15D1118D2A5E253500663959 /* Utilities */,
				15D1118A2A5E1FF100663959 /* Models */,
				15D5A2862A5E19E20082B354 /* AppEntry.swift */,
				15C9E8832A62240000E998D3 /* YourNameView.swift */,
				15D5A2882A5E19E20082B354 /* StartView.swift */,
				15D5A28A2A5E19E30082B354 /* Assets.xcassets */,
				15D5A28C2A5E19E30082B354 /* Preview Content */,
				15D111882A5E1EC300663959 /* Launch Screen.storyboard */,
			);
			path = XsAndOs;
			sourceTree = "<group>";
		};
		15D5A28C2A5E19E30082B354 /* Preview Content */ = {
			isa = PBXGroup;
			children = (
				15D5A28D2A5E19E30082B354 /* Preview Assets.xcassets */,
			);
			path = "Preview Content";
			sourceTree = "<group>";
		};
/* End PBXGroup section */

/* Begin PBXNativeTarget section */
		15D5A2822A5E19E20082B354 /* XsAndOs */ = {
			isa = PBXNativeTarget;
			buildConfigurationList = 15D5A2912A5E19E30082B354 /* Build configuration list for PBXNativeTarget "XsAndOs" */;
			buildPhases = (
				15D5A27F2A5E19E20082B354 /* Sources */,
				15D5A2802A5E19E20082B354 /* Frameworks */,
				15D5A2812A5E19E20082B354 /* Resources */,
			);
			buildRules = (
			);
			dependencies = (
			);
			name = XsAndOs;
			productName = XsAndOs;
			productReference = 15D5A2832A5E19E20082B354 /* XsAndOs.app */;
			productType = "com.apple.product-type.application";
		};
/* End PBXNativeTarget section */

/* Begin PBXProject section */
		15D5A27B2A5E19E20082B354 /* Project object */ = {
			isa = PBXProject;
			attributes = {
				BuildIndependentTargetsInParallel = 1;
				LastSwiftUpdateCheck = 1430;
				LastUpgradeCheck = 1430;
				TargetAttributes = {
					15D5A2822A5E19E20082B354 = {
						CreatedOnToolsVersion = 14.3.1;
					};
				};
			};
			buildConfigurationList = 15D5A27E2A5E19E20082B354 /* Build configuration list for PBXProject "XsAndOs" */;
			compatibilityVersion = "Xcode 14.0";
			developmentRegion = en;
			hasScannedForEncodings = 0;
			knownRegions = (
				en,
				Base,
			);
			mainGroup = 15D5A27A2A5E19E20082B354;
			productRefGroup = 15D5A2842A5E19E20082B354 /* Products */;
			projectDirPath = "";
			projectRoot = "";
			targets = (
				15D5A2822A5E19E20082B354 /* XsAndOs */,
			);
		};
/* End PBXProject section */

/* Begin PBXResourcesBuildPhase section */
		15D5A2812A5E19E20082B354 /* Resources */ = {
			isa = PBXResourcesBuildPhase;
			buildActionMask = 2147483647;
			files = (
				15D111892A5E1EC300663959 /* Launch Screen.storyboard in Resources */,
				15D5A28E2A5E19E30082B354 /* Preview Assets.xcassets in Resources */,
				15D5A28B2A5E19E30082B354 /* Assets.xcassets in Resources */,
			);
			runOnlyForDeploymentPostprocessing = 0;
		};
/* End PBXResourcesBuildPhase section */

/* Begin PBXSourcesBuildPhase section */
		15D5A27F2A5E19E20082B354 /* Sources */ = {
			isa = PBXSourcesBuildPhase;
			buildActionMask = 2147483647;
			files = (
				15C9E88A2A62340A00E998D3 /* MPGameMove.swift in Sources */,
				15C9E8842A62240000E998D3 /* YourNameView.swift in Sources */,
				15D5A2892A5E19E20082B354 /* StartView.swift in Sources */,
				15D1118C2A5E200F00663959 /* GameModels.swift in Sources */,
				15D5A2872A5E19E20082B354 /* AppEntry.swift in Sources */,
				15D111942A5E49B800663959 /* GameService.swift in Sources */,
				15D1118F2A5E254C00663959 /* ViewModifiers.swift in Sources */,
				15B607F92A66072E006AA128 /* MPPeersView.swift in Sources */,
				15C9E8882A622D4B00E998D3 /* MPConnectionManager.swift in Sources */,
				15D111922A5E265900663959 /* GameView.swift in Sources */,
				15D111962A5E4F4300663959 /* GameSquare.swift in Sources */,
				15D111982A5E505B00663959 /* SquareView.swift in Sources */,
			);
			runOnlyForDeploymentPostprocessing = 0;
		};
/* End PBXSourcesBuildPhase section */

/* Begin XCBuildConfiguration section */
		15D5A28F2A5E19E30082B354 /* Debug */ = {
			isa = XCBuildConfiguration;
			buildSettings = {
				ALWAYS_SEARCH_USER_PATHS = NO;
				CLANG_ANALYZER_NONNULL = YES;
				CLANG_ANALYZER_NUMBER_OBJECT_CONVERSION = YES_AGGRESSIVE;
				CLANG_CXX_LANGUAGE_STANDARD = "gnu++20";
				CLANG_ENABLE_MODULES = YES;
				CLANG_ENABLE_OBJC_ARC = YES;
				CLANG_ENABLE_OBJC_WEAK = YES;
				CLANG_WARN_BLOCK_CAPTURE_AUTORELEASING = YES;
				CLANG_WARN_BOOL_CONVERSION = YES;
				CLANG_WARN_COMMA = YES;
				CLANG_WARN_CONSTANT_CONVERSION = YES;
				CLANG_WARN_DEPRECATED_OBJC_IMPLEMENTATIONS = YES;
				CLANG_WARN_DIRECT_OBJC_ISA_USAGE = YES_ERROR;
				CLANG_WARN_DOCUMENTATION_COMMENTS = YES;
				CLANG_WARN_EMPTY_BODY = YES;
				CLANG_WARN_ENUM_CONVERSION = YES;
				CLANG_WARN_INFINITE_RECURSION = YES;
				CLANG_WARN_INT_CONVERSION = YES;
				CLANG_WARN_NON_LITERAL_NULL_CONVERSION = YES;
				CLANG_WARN_OBJC_IMPLICIT_RETAIN_SELF = YES;
				CLANG_WARN_OBJC_LITERAL_CONVERSION = YES;
				CLANG_WARN_OBJC_ROOT_CLASS = YES_ERROR;
				CLANG_WARN_QUOTED_INCLUDE_IN_FRAMEWORK_HEADER = YES;
				CLANG_WARN_RANGE_LOOP_ANALYSIS = YES;
				CLANG_WARN_STRICT_PROTOTYPES = YES;
				CLANG_WARN_SUSPICIOUS_MOVE = YES;
				CLANG_WARN_UNGUARDED_AVAILABILITY = YES_AGGRESSIVE;
				CLANG_WARN_UNREACHABLE_CODE = YES;
				CLANG_WARN__DUPLICATE_METHOD_MATCH = YES;
				COPY_PHASE_STRIP = NO;
				DEBUG_INFORMATION_FORMAT = dwarf;
				ENABLE_STRICT_OBJC_MSGSEND = YES;
				ENABLE_TESTABILITY = YES;
				GCC_C_LANGUAGE_STANDARD = gnu11;
				GCC_DYNAMIC_NO_PIC = NO;
				GCC_NO_COMMON_BLOCKS = YES;
				GCC_OPTIMIZATION_LEVEL = 0;
				GCC_PREPROCESSOR_DEFINITIONS = (
					"DEBUG=1",
					"$(inherited)",
				);
				GCC_WARN_64_TO_32_BIT_CONVERSION = YES;
				GCC_WARN_ABOUT_RETURN_TYPE = YES_ERROR;
				GCC_WARN_UNDECLARED_SELECTOR = YES;
				GCC_WARN_UNINITIALIZED_AUTOS = YES_AGGRESSIVE;
				GCC_WARN_UNUSED_FUNCTION = YES;
				GCC_WARN_UNUSED_VARIABLE = YES;
				IPHONEOS_DEPLOYMENT_TARGET = 15.0;
				MTL_ENABLE_DEBUG_INFO = INCLUDE_SOURCE;
				MTL_FAST_MATH = YES;
				ONLY_ACTIVE_ARCH = YES;
				SDKROOT = iphoneos;
				SWIFT_ACTIVE_COMPILATION_CONDITIONS = DEBUG;
				SWIFT_OPTIMIZATION_LEVEL = "-Onone";
			};
			name = Debug;
		};
		15D5A2902A5E19E30082B354 /* Release */ = {
			isa = XCBuildConfiguration;
			buildSettings = {
				ALWAYS_SEARCH_USER_PATHS = NO;
				CLANG_ANALYZER_NONNULL = YES;
				CLANG_ANALYZER_NUMBER_OBJECT_CONVERSION = YES_AGGRESSIVE;
				CLANG_CXX_LANGUAGE_STANDARD = "gnu++20";
				CLANG_ENABLE_MODULES = YES;
				CLANG_ENABLE_OBJC_ARC = YES;
				CLANG_ENABLE_OBJC_WEAK = YES;
				CLANG_WARN_BLOCK_CAPTURE_AUTORELEASING = YES;
				CLANG_WARN_BOOL_CONVERSION = YES;
				CLANG_WARN_COMMA = YES;
				CLANG_WARN_CONSTANT_CONVERSION = YES;
				CLANG_WARN_DEPRECATED_OBJC_IMPLEMENTATIONS = YES;
				CLANG_WARN_DIRECT_OBJC_ISA_USAGE = YES_ERROR;
				CLANG_WARN_DOCUMENTATION_COMMENTS = YES;
				CLANG_WARN_EMPTY_BODY = YES;
				CLANG_WARN_ENUM_CONVERSION = YES;
				CLANG_WARN_INFINITE_RECURSION = YES;
				CLANG_WARN_INT_CONVERSION = YES;
				CLANG_WARN_NON_LITERAL_NULL_CONVERSION = YES;
				CLANG_WARN_OBJC_IMPLICIT_RETAIN_SELF = YES;
				CLANG_WARN_OBJC_LITERAL_CONVERSION = YES;
				CLANG_WARN_OBJC_ROOT_CLASS = YES_ERROR;
				CLANG_WARN_QUOTED_INCLUDE_IN_FRAMEWORK_HEADER = YES;
				CLANG_WARN_RANGE_LOOP_ANALYSIS = YES;
				CLANG_WARN_STRICT_PROTOTYPES = YES;
				CLANG_WARN_SUSPICIOUS_MOVE = YES;
				CLANG_WARN_UNGUARDED_AVAILABILITY = YES_AGGRESSIVE;
				CLANG_WARN_UNREACHABLE_CODE = YES;
				CLANG_WARN__DUPLICATE_METHOD_MATCH = YES;
				COPY_PHASE_STRIP = NO;
				DEBUG_INFORMATION_FORMAT = "dwarf-with-dsym";
				ENABLE_NS_ASSERTIONS = NO;
				ENABLE_STRICT_OBJC_MSGSEND = YES;
				GCC_C_LANGUAGE_STANDARD = gnu11;
				GCC_NO_COMMON_BLOCKS = YES;
				GCC_WARN_64_TO_32_BIT_CONVERSION = YES;
				GCC_WARN_ABOUT_RETURN_TYPE = YES_ERROR;
				GCC_WARN_UNDECLARED_SELECTOR = YES;
				GCC_WARN_UNINITIALIZED_AUTOS = YES_AGGRESSIVE;
				GCC_WARN_UNUSED_FUNCTION = YES;
				GCC_WARN_UNUSED_VARIABLE = YES;
				IPHONEOS_DEPLOYMENT_TARGET = 15.0;
				MTL_ENABLE_DEBUG_INFO = NO;
				MTL_FAST_MATH = YES;
				SDKROOT = iphoneos;
				SWIFT_COMPILATION_MODE = wholemodule;
				SWIFT_OPTIMIZATION_LEVEL = "-O";
				VALIDATE_PRODUCT = YES;
			};
			name = Release;
		};
		15D5A2922A5E19E30082B354 /* Debug */ = {
			isa = XCBuildConfiguration;
			buildSettings = {
				ASSETCATALOG_COMPILER_APPICON_NAME = AppIcon;
				ASSETCATALOG_COMPILER_GLOBAL_ACCENT_COLOR_NAME = AccentColor;
				CODE_SIGN_STYLE = Automatic;
				CURRENT_PROJECT_VERSION = 1;
				DEVELOPMENT_ASSET_PATHS = "\"XsAndOs/Preview Content\"";
				ENABLE_PREVIEWS = YES;
				GENERATE_INFOPLIST_FILE = YES;
				INFOPLIST_FILE = XsAndOs/Info.plist;
				INFOPLIST_KEY_NSLocalNetworkUsageDescription = "Would like to play Xs and Os";
				INFOPLIST_KEY_UIApplicationSceneManifest_Generation = YES;
				INFOPLIST_KEY_UIApplicationSupportsIndirectInputEvents = YES;
				INFOPLIST_KEY_UILaunchScreen_Generation = YES;
				INFOPLIST_KEY_UILaunchStoryboardName = "Launch Screen.storyboard";
				INFOPLIST_KEY_UISupportedInterfaceOrientations = UIInterfaceOrientationPortrait;
				INFOPLIST_KEY_UISupportedInterfaceOrientations_iPad = "UIInterfaceOrientationLandscapeLeft UIInterfaceOrientationLandscapeRight UIInterfaceOrientationPortrait UIInterfaceOrientationPortraitUpsideDown";
				IPHONEOS_DEPLOYMENT_TARGET = 15.0;
				LD_RUNPATH_SEARCH_PATHS = (
					"$(inherited)",
					"@executable_path/Frameworks",
				);
				MARKETING_VERSION = 1.0;
				PRODUCT_BUNDLE_IDENTIFIER = com.ltios.XsAndOs;
				PRODUCT_NAME = "$(TARGET_NAME)";
				SWIFT_EMIT_LOC_STRINGS = YES;
				SWIFT_VERSION = 5.0;
				TARGETED_DEVICE_FAMILY = "1,2";
			};
			name = Debug;
		};
		15D5A2932A5E19E30082B354 /* Release */ = {
			isa = XCBuildConfiguration;
			buildSettings = {
				ASSETCATALOG_COMPILER_APPICON_NAME = AppIcon;
				ASSETCATALOG_COMPILER_GLOBAL_ACCENT_COLOR_NAME = AccentColor;
				CODE_SIGN_STYLE = Automatic;
				CURRENT_PROJECT_VERSION = 1;
				DEVELOPMENT_ASSET_PATHS = "\"XsAndOs/Preview Content\"";
				ENABLE_PREVIEWS = YES;
				GENERATE_INFOPLIST_FILE = YES;
				INFOPLIST_FILE = XsAndOs/Info.plist;
				INFOPLIST_KEY_NSLocalNetworkUsageDescription = "Would like to play Xs and Os";
				INFOPLIST_KEY_UIApplicationSceneManifest_Generation = YES;
				INFOPLIST_KEY_UIApplicationSupportsIndirectInputEvents = YES;
				INFOPLIST_KEY_UILaunchScreen_Generation = YES;
				INFOPLIST_KEY_UILaunchStoryboardName = "Launch Screen.storyboard";
				INFOPLIST_KEY_UISupportedInterfaceOrientations = UIInterfaceOrientationPortrait;
				INFOPLIST_KEY_UISupportedInterfaceOrientations_iPad = "UIInterfaceOrientationLandscapeLeft UIInterfaceOrientationLandscapeRight UIInterfaceOrientationPortrait UIInterfaceOrientationPortraitUpsideDown";
				IPHONEOS_DEPLOYMENT_TARGET = 15.0;
				LD_RUNPATH_SEARCH_PATHS = (
					"$(inherited)",
					"@executable_path/Frameworks",
				);
				MARKETING_VERSION = 1.0;
				PRODUCT_BUNDLE_IDENTIFIER = com.ltios.XsAndOs;
				PRODUCT_NAME = "$(TARGET_NAME)";
				SWIFT_EMIT_LOC_STRINGS = YES;
				SWIFT_VERSION = 5.0;
				TARGETED_DEVICE_FAMILY = "1,2";
			};
			name = Release;
		};
/* End XCBuildConfiguration section */

/* Begin XCConfigurationList section */
		15D5A27E2A5E19E20082B354 /* Build configuration list for PBXProject "XsAndOs" */ = {
			isa = XCConfigurationList;
			buildConfigurations = (
				15D5A28F2A5E19E30082B354 /* Debug */,
				15D5A2902A5E19E30082B354 /* Release */,
			);
			defaultConfigurationIsVisible = 0;
			defaultConfigurationName = Release;
		};
		15D5A2912A5E19E30082B354 /* Build configuration list for PBXNativeTarget "XsAndOs" */ = {
			isa = XCConfigurationList;
			buildConfigurations = (
				15D5A2922A5E19E30082B354 /* Debug */,
				15D5A2932A5E19E30082B354 /* Release */,
			);
			defaultConfigurationIsVisible = 0;
			defaultConfigurationName = Release;
		};
/* End XCConfigurationList section */
	};
	rootObject = 15D5A27B2A5E19E20082B354 /* Project object */;
}
